
Microsoft Visual Studio Solution File, Format Version 12.00
# Visual Studio 2012
Project("{FAE04EC0-301F-11D3-BF4B-00C04F79EFBC}") = "Rollenzuteilung_WP", "Rollenzuteilung_WP\Rollenzuteilung_WP.csproj", "{BA289A63-6F05-4547-8BBF-D1C891D7B9CE}"
EndProject
Global
	GlobalSection(TeamFoundationVersionControl) = preSolution
		SccNumberOfProjects = 2
		SccEnterpriseProvider = {4CA58AB2-18FA-4F8D-95D4-32DDF27D184C}
		SccTeamFoundationServer = https://voltarsystems.visualstudio.com/defaultcollection
		SccLocalPath0 = .
		SccProjectUniqueName1 = Rollenzuteilung_WP\\Rollenzuteilung_WP.csproj
		SccProjectName1 = Rollenzuteilung_WP
		SccLocalPath1 = Rollenzuteilung_WP
	EndGlobalSection
	GlobalSection(SolutionConfigurationPlatforms) = preSolution
		Debug|Any CPU = Debug|Any CPU
		Release|Any CPU = Release|Any CPU
	EndGlobalSection
	GlobalSection(ProjectConfigurationPlatforms) = postSolution
		{BA289A63-6F05-4547-8BBF-D1C891D7B9CE}.Debug|Any CPU.ActiveCfg = Debug|Any CPU
		{BA289A63-6F05-4547-8BBF-D1C891D7B9CE}.Debug|Any CPU.Build.0 = Debug|Any CPU
		{BA289A63-6F05-4547-8BBF-D1C891D7B9CE}.Debug|Any CPU.Deploy.0 = Debug|Any CPU
		{BA289A63-6F05-4547-8BBF-D1C891D7B9CE}.Release|Any CPU.ActiveCfg = Release|Any CPU
		{BA289A63-6F05-4547-8BBF-D1C891D7B9CE}.Release|Any CPU.Build.0 = Release|Any CPU
		{BA289A63-6F05-4547-8BBF-D1C891D7B9CE}.Release|Any CPU.Deploy.0 = Release|Any CPU
	EndGlobalSection
	GlobalSection(SolutionProperties) = preSolution
		HideSolutionNode = FALSE
	EndGlobalSection
EndGlobal
